# This file was autogenerated by uv via the following command:
#    uv pip compile requirements.txt --output-file uv.lock
asgiref==3.8.1
    # via
    #   -r requirements.txt
    #   django
    #   django-cors-headers
certifi==2025.1.31
    # via
    #   -r requirements.txt
    #   requests
cffi==1.17.1
    # via
    #   -r requirements.txt
    #   cryptography
charset-normalizer==3.4.1
    # via
    #   -r requirements.txt
    #   requests
cryptography==44.0.2
    # via
    #   -r requirements.txt
    #   django-pgcrypto
django==5.1.6
    # via
    #   -r requirements.txt
    #   django-cors-headers
    #   djangorestframework
    #   djangorestframework-simplejwt
    #   drf-yasg
django-cors-headers==4.7.0
    # via -r requirements.txt
django-pgcrypto==3.0.3
    # via -r requirements.txt
djangorestframework==3.15.2
    # via
    #   -r requirements.txt
    #   djangorestframework-simplejwt
    #   drf-yasg
djangorestframework-simplejwt==5.4.0
    # via -r requirements.txt
docutils==0.21.2
    # via -r requirements.txt
drf-yasg==1.21.10
    # via -r requirements.txt
faker==37.1.0
    # via -r requirements.txt
gunicorn==23.0.0
    # via -r requirements.txt
idna==3.10
    # via
    #   -r requirements.txt
    #   requests
inflection==0.5.1
    # via
    #   -r requirements.txt
    #   drf-yasg
packaging==24.2
    # via
    #   -r requirements.txt
    #   drf-yasg
    #   gunicorn
pillow==11.1.0
    # via -r requirements.txt
psycopg2-binary==2.9.10
    # via -r requirements.txt
pycparser==2.22
    # via
    #   -r requirements.txt
    #   cffi
pyjwt==2.10.1
    # via
    #   -r requirements.txt
    #   djangorestframework-simplejwt
python-decouple==3.8
    # via -r requirements.txt
pytz==2025.2
    # via
    #   -r requirements.txt
    #   drf-yasg
pyyaml==6.0.2
    # via
    #   -r requirements.txt
    #   drf-yasg
requests==2.32.3
    # via -r requirements.txt
sqlparse==0.5.3
    # via
    #   -r requirements.txt
    #   django
tzdata==2025.2
    # via
    #   -r requirements.txt
    #   faker
uritemplate==4.1.1
    # via
    #   -r requirements.txt
    #   drf-yasg
urllib3==2.3.0
    # via
    #   -r requirements.txt
    #   requests
whitenoise==6.8.2
    # via -r requirements.txt
